Microsoft Visual Studio Solution File, Format Version 12.00
# Visual Studio Express 2013 for Windows
VisualStudioVersion = 12.0.31101.0
MinimumVisualStudioVersion = 10.0.40219.1
Project("{8BC9CEB8-8B4A-11D0-8D11-00A0C91BC942}") = "libSpine", "..\..\..\cocos\editor-support\spine\proj.wp8\libSpine.vcxproj", "{7D4FC6EB-9497-4804-98F3-3EAEDC896154}"
EndProject
Project("{8BC9CEB8-8B4A-11D0-8D11-00A0C91BC942}") = "Box2D", "..\..\..\external\Box2D\proj.wp8\Box2D.vcxproj", "{C55734A3-702C-4FA1-B950-32C8E169302F}"
EndProject
Project("{2150E333-8FDC-42A3-9474-1A3956D46DE8}") = "MainGame", "MainGame", "{2C306303-EB4F-4058-8CA0-1F28A4FECE39}"
EndProject
Project("{8BC9CEB8-8B4A-11D0-8D11-00A0C91BC942}") = "libcocos2d_wp8", "..\..\..\cocos\2d\libcocos2d_wp8.vcxproj", "{7C5DBC42-27F6-4978-AABC-02BA77E2A7F0}"
EndProject
Project("{8BC9CEB8-8B4A-11D0-8D11-00A0C91BC942}") = "MainGameComponent", "MainGame\MainGameComponent\MainGameComponent.vcxproj", "{3B3F8248-8FFD-454B-AAC7-9A54700C3832}"
EndProject
Project("{FAE04EC0-301F-11D3-BF4B-00C04F79EFBC}") = "MainGame", "MainGame\MainGameInterop\MainGame.csproj", "{04717AF4-E2D1-4C25-84B4-A1466788911C}"
	ProjectSection(ProjectDependencies) = postProject
		{7C5DBC42-27F6-4978-AABC-02BA77E2A7F0} = {7C5DBC42-27F6-4978-AABC-02BA77E2A7F0}
		{C55734A3-702C-4FA1-B950-32C8E169302F} = {C55734A3-702C-4FA1-B950-32C8E169302F}
		{7D4FC6EB-9497-4804-98F3-3EAEDC896154} = {7D4FC6EB-9497-4804-98F3-3EAEDC896154}
	EndProjectSection
EndProject
Project("{8BC9CEB8-8B4A-11D0-8D11-00A0C91BC942}") = "App42_wp8", "..\..\App42\wp8\App42_wp8.vcxproj", "{2EE2821B-1323-4AFB-87CF-3109329C8239}"
EndProject
Project("{8BC9CEB8-8B4A-11D0-8D11-00A0C91BC942}") = "RKUtils", "..\..\RKUtils\Proj\WP8\RKUtils\RKUtils.vcxproj", "{162B66FC-C29F-4C4F-9394-7ECA7EB1CEDE}"
EndProject
Project("{8BC9CEB8-8B4A-11D0-8D11-00A0C91BC942}") = "WinRTAPIsEmulWp8", "..\..\WinRTAPIsEmul\WinRTAPIsEmulWp8.vcxproj", "{48E75863-CE68-4BA9-B778-9FFCFA094D1E}"
EndProject
Project("{FAE04EC0-301F-11D3-BF4B-00C04F79EFBC}") = "MockIAPLib", "MockIAPLib\MockIAPLib.csproj", "{015E3DFE-EB56-429F-95EF-BAB5D41B23BE}"
EndProject
Global
	GlobalSection(SolutionConfigurationPlatforms) = preSolution
		Debug|Any CPU = Debug|Any CPU
		Debug|ARM = Debug|ARM
		Debug|Mixed Platforms = Debug|Mixed Platforms
		Debug|Win32 = Debug|Win32
		Debug|x64 = Debug|x64
		Debug|x86 = Debug|x86
		Release|Any CPU = Release|Any CPU
		Release|ARM = Release|ARM
		Release|Mixed Platforms = Release|Mixed Platforms
		Release|Win32 = Release|Win32
		Release|x64 = Release|x64
		Release|x86 = Release|x86
	EndGlobalSection
	GlobalSection(ProjectConfigurationPlatforms) = postSolution
		{7D4FC6EB-9497-4804-98F3-3EAEDC896154}.Debug|Any CPU.ActiveCfg = Release|Win32
		{7D4FC6EB-9497-4804-98F3-3EAEDC896154}.Debug|ARM.ActiveCfg = Debug|ARM
		{7D4FC6EB-9497-4804-98F3-3EAEDC896154}.Debug|ARM.Build.0 = Debug|ARM
		{7D4FC6EB-9497-4804-98F3-3EAEDC896154}.Debug|Mixed Platforms.ActiveCfg = Release|Win32
		{7D4FC6EB-9497-4804-98F3-3EAEDC896154}.Debug|Mixed Platforms.Build.0 = Debug|Win32
		{7D4FC6EB-9497-4804-98F3-3EAEDC896154}.Debug|Win32.ActiveCfg = Release|Win32
		{7D4FC6EB-9497-4804-98F3-3EAEDC896154}.Debug|Win32.Build.0 = Debug|Win32
		{7D4FC6EB-9497-4804-98F3-3EAEDC896154}.Debug|x64.ActiveCfg = Release|Win32
		{7D4FC6EB-9497-4804-98F3-3EAEDC896154}.Debug|x86.ActiveCfg = Release|Win32
		{7D4FC6EB-9497-4804-98F3-3EAEDC896154}.Debug|x86.Build.0 = Debug|Win32
		{7D4FC6EB-9497-4804-98F3-3EAEDC896154}.Release|Any CPU.ActiveCfg = Release|Win32
		{7D4FC6EB-9497-4804-98F3-3EAEDC896154}.Release|ARM.ActiveCfg = Release|ARM
		{7D4FC6EB-9497-4804-98F3-3EAEDC896154}.Release|ARM.Build.0 = Release|ARM
		{7D4FC6EB-9497-4804-98F3-3EAEDC896154}.Release|Mixed Platforms.ActiveCfg = Release|Win32
		{7D4FC6EB-9497-4804-98F3-3EAEDC896154}.Release|Mixed Platforms.Build.0 = Release|Win32
		{7D4FC6EB-9497-4804-98F3-3EAEDC896154}.Release|Win32.ActiveCfg = Release|Win32
		{7D4FC6EB-9497-4804-98F3-3EAEDC896154}.Release|Win32.Build.0 = Release|Win32
		{7D4FC6EB-9497-4804-98F3-3EAEDC896154}.Release|x64.ActiveCfg = Release|Win32
		{7D4FC6EB-9497-4804-98F3-3EAEDC896154}.Release|x86.ActiveCfg = Release|Win32
		{7D4FC6EB-9497-4804-98F3-3EAEDC896154}.Release|x86.Build.0 = Release|Win32
		{C55734A3-702C-4FA1-B950-32C8E169302F}.Debug|Any CPU.ActiveCfg = Release|Win32
		{C55734A3-702C-4FA1-B950-32C8E169302F}.Debug|ARM.ActiveCfg = Debug|ARM
		{C55734A3-702C-4FA1-B950-32C8E169302F}.Debug|ARM.Build.0 = Debug|ARM
		{C55734A3-702C-4FA1-B950-32C8E169302F}.Debug|Mixed Platforms.ActiveCfg = Release|Win32
		{C55734A3-702C-4FA1-B950-32C8E169302F}.Debug|Mixed Platforms.Build.0 = Debug|Win32
		{C55734A3-702C-4FA1-B950-32C8E169302F}.Debug|Win32.ActiveCfg = Release|Win32
		{C55734A3-702C-4FA1-B950-32C8E169302F}.Debug|Win32.Build.0 = Debug|Win32
		{C55734A3-702C-4FA1-B950-32C8E169302F}.Debug|x64.ActiveCfg = Release|Win32
		{C55734A3-702C-4FA1-B950-32C8E169302F}.Debug|x86.ActiveCfg = Release|Win32
		{C55734A3-702C-4FA1-B950-32C8E169302F}.Debug|x86.Build.0 = Debug|Win32
		{C55734A3-702C-4FA1-B950-32C8E169302F}.Release|Any CPU.ActiveCfg = Release|Win32
		{C55734A3-702C-4FA1-B950-32C8E169302F}.Release|ARM.ActiveCfg = Release|ARM
		{C55734A3-702C-4FA1-B950-32C8E169302F}.Release|ARM.Build.0 = Release|ARM
		{C55734A3-702C-4FA1-B950-32C8E169302F}.Release|Mixed Platforms.ActiveCfg = Release|Win32
		{C55734A3-702C-4FA1-B950-32C8E169302F}.Release|Mixed Platforms.Build.0 = Release|Win32
		{C55734A3-702C-4FA1-B950-32C8E169302F}.Release|Win32.ActiveCfg = Release|Win32
		{C55734A3-702C-4FA1-B950-32C8E169302F}.Release|Win32.Build.0 = Release|Win32
		{C55734A3-702C-4FA1-B950-32C8E169302F}.Release|x64.ActiveCfg = Release|Win32
		{C55734A3-702C-4FA1-B950-32C8E169302F}.Release|x86.ActiveCfg = Release|Win32
		{C55734A3-702C-4FA1-B950-32C8E169302F}.Release|x86.Build.0 = Release|Win32
		{7C5DBC42-27F6-4978-AABC-02BA77E2A7F0}.Debug|Any CPU.ActiveCfg = Release|Win32
		{7C5DBC42-27F6-4978-AABC-02BA77E2A7F0}.Debug|ARM.ActiveCfg = Debug|ARM
		{7C5DBC42-27F6-4978-AABC-02BA77E2A7F0}.Debug|ARM.Build.0 = Debug|ARM
		{7C5DBC42-27F6-4978-AABC-02BA77E2A7F0}.Debug|Mixed Platforms.ActiveCfg = Release|Win32
		{7C5DBC42-27F6-4978-AABC-02BA77E2A7F0}.Debug|Mixed Platforms.Build.0 = Debug|Win32
		{7C5DBC42-27F6-4978-AABC-02BA77E2A7F0}.Debug|Win32.ActiveCfg = Release|Win32
		{7C5DBC42-27F6-4978-AABC-02BA77E2A7F0}.Debug|Win32.Build.0 = Debug|Win32
		{7C5DBC42-27F6-4978-AABC-02BA77E2A7F0}.Debug|x64.ActiveCfg = Release|Win32
		{7C5DBC42-27F6-4978-AABC-02BA77E2A7F0}.Debug|x86.ActiveCfg = Release|Win32
		{7C5DBC42-27F6-4978-AABC-02BA77E2A7F0}.Debug|x86.Build.0 = Debug|Win32
		{7C5DBC42-27F6-4978-AABC-02BA77E2A7F0}.Release|Any CPU.ActiveCfg = Release|Win32
		{7C5DBC42-27F6-4978-AABC-02BA77E2A7F0}.Release|ARM.ActiveCfg = Release|ARM
		{7C5DBC42-27F6-4978-AABC-02BA77E2A7F0}.Release|ARM.Build.0 = Release|ARM
		{7C5DBC42-27F6-4978-AABC-02BA77E2A7F0}.Release|Mixed Platforms.ActiveCfg = Release|Win32
		{7C5DBC42-27F6-4978-AABC-02BA77E2A7F0}.Release|Mixed Platforms.Build.0 = Release|Win32
		{7C5DBC42-27F6-4978-AABC-02BA77E2A7F0}.Release|Win32.ActiveCfg = Release|Win32
		{7C5DBC42-27F6-4978-AABC-02BA77E2A7F0}.Release|Win32.Build.0 = Release|Win32
		{7C5DBC42-27F6-4978-AABC-02BA77E2A7F0}.Release|x64.ActiveCfg = Release|Win32
		{7C5DBC42-27F6-4978-AABC-02BA77E2A7F0}.Release|x86.ActiveCfg = Release|Win32
		{7C5DBC42-27F6-4978-AABC-02BA77E2A7F0}.Release|x86.Build.0 = Release|Win32
		{3B3F8248-8FFD-454B-AAC7-9A54700C3832}.Debug|Any CPU.ActiveCfg = Debug|Win32
		{3B3F8248-8FFD-454B-AAC7-9A54700C3832}.Debug|ARM.ActiveCfg = Debug|ARM
		{3B3F8248-8FFD-454B-AAC7-9A54700C3832}.Debug|ARM.Build.0 = Debug|ARM
		{3B3F8248-8FFD-454B-AAC7-9A54700C3832}.Debug|Mixed Platforms.ActiveCfg = Debug|Win32
		{3B3F8248-8FFD-454B-AAC7-9A54700C3832}.Debug|Mixed Platforms.Build.0 = Debug|Win32
		{3B3F8248-8FFD-454B-AAC7-9A54700C3832}.Debug|Win32.ActiveCfg = Debug|Win32
		{3B3F8248-8FFD-454B-AAC7-9A54700C3832}.Debug|Win32.Build.0 = Debug|Win32
		{3B3F8248-8FFD-454B-AAC7-9A54700C3832}.Debug|x64.ActiveCfg = Debug|Win32
		{3B3F8248-8FFD-454B-AAC7-9A54700C3832}.Debug|x86.ActiveCfg = Debug|Win32
		{3B3F8248-8FFD-454B-AAC7-9A54700C3832}.Debug|x86.Build.0 = Debug|Win32
		{3B3F8248-8FFD-454B-AAC7-9A54700C3832}.Release|Any CPU.ActiveCfg = Release|Win32
		{3B3F8248-8FFD-454B-AAC7-9A54700C3832}.Release|ARM.ActiveCfg = Release|ARM
		{3B3F8248-8FFD-454B-AAC7-9A54700C3832}.Release|ARM.Build.0 = Release|ARM
		{3B3F8248-8FFD-454B-AAC7-9A54700C3832}.Release|Mixed Platforms.ActiveCfg = Release|Win32
		{3B3F8248-8FFD-454B-AAC7-9A54700C3832}.Release|Mixed Platforms.Build.0 = Release|Win32
		{3B3F8248-8FFD-454B-AAC7-9A54700C3832}.Release|Win32.ActiveCfg = Release|Win32
		{3B3F8248-8FFD-454B-AAC7-9A54700C3832}.Release|Win32.Build.0 = Release|Win32
		{3B3F8248-8FFD-454B-AAC7-9A54700C3832}.Release|x64.ActiveCfg = Release|Win32
		{3B3F8248-8FFD-454B-AAC7-9A54700C3832}.Release|x86.ActiveCfg = Release|Win32
		{3B3F8248-8FFD-454B-AAC7-9A54700C3832}.Release|x86.Build.0 = Release|Win32
		{04717AF4-E2D1-4C25-84B4-A1466788911C}.Debug|Any CPU.ActiveCfg = Debug|Any CPU
		{04717AF4-E2D1-4C25-84B4-A1466788911C}.Debug|Any CPU.Build.0 = Debug|Any CPU
		{04717AF4-E2D1-4C25-84B4-A1466788911C}.Debug|Any CPU.Deploy.0 = Debug|Any CPU
		{04717AF4-E2D1-4C25-84B4-A1466788911C}.Debug|ARM.ActiveCfg = Debug|ARM
		{04717AF4-E2D1-4C25-84B4-A1466788911C}.Debug|ARM.Build.0 = Debug|ARM
		{04717AF4-E2D1-4C25-84B4-A1466788911C}.Debug|ARM.Deploy.0 = Debug|ARM
		{04717AF4-E2D1-4C25-84B4-A1466788911C}.Debug|Mixed Platforms.ActiveCfg = Debug|x86
		{04717AF4-E2D1-4C25-84B4-A1466788911C}.Debug|Mixed Platforms.Build.0 = Debug|x86
		{04717AF4-E2D1-4C25-84B4-A1466788911C}.Debug|Mixed Platforms.Deploy.0 = Debug|x86
		{04717AF4-E2D1-4C25-84B4-A1466788911C}.Debug|Win32.ActiveCfg = Debug|x86
		{04717AF4-E2D1-4C25-84B4-A1466788911C}.Debug|Win32.Build.0 = Debug|x86
		{04717AF4-E2D1-4C25-84B4-A1466788911C}.Debug|Win32.Deploy.0 = Debug|x86
		{04717AF4-E2D1-4C25-84B4-A1466788911C}.Debug|x64.ActiveCfg = Debug|Any CPU
		{04717AF4-E2D1-4C25-84B4-A1466788911C}.Debug|x86.ActiveCfg = Debug|x86
		{04717AF4-E2D1-4C25-84B4-A1466788911C}.Debug|x86.Build.0 = Debug|x86
		{04717AF4-E2D1-4C25-84B4-A1466788911C}.Debug|x86.Deploy.0 = Debug|x86
		{04717AF4-E2D1-4C25-84B4-A1466788911C}.Release|Any CPU.ActiveCfg = Release|Any CPU
		{04717AF4-E2D1-4C25-84B4-A1466788911C}.Release|Any CPU.Build.0 = Release|Any CPU
		{04717AF4-E2D1-4C25-84B4-A1466788911C}.Release|Any CPU.Deploy.0 = Release|Any CPU
		{04717AF4-E2D1-4C25-84B4-A1466788911C}.Release|ARM.ActiveCfg = Release|ARM
		{04717AF4-E2D1-4C25-84B4-A1466788911C}.Release|ARM.Build.0 = Release|ARM
		{04717AF4-E2D1-4C25-84B4-A1466788911C}.Release|ARM.Deploy.0 = Release|ARM
		{04717AF4-E2D1-4C25-84B4-A1466788911C}.Release|Mixed Platforms.ActiveCfg = Release|x86
		{04717AF4-E2D1-4C25-84B4-A1466788911C}.Release|Mixed Platforms.Build.0 = Release|x86
		{04717AF4-E2D1-4C25-84B4-A1466788911C}.Release|Mixed Platforms.Deploy.0 = Release|x86
		{04717AF4-E2D1-4C25-84B4-A1466788911C}.Release|Win32.ActiveCfg = Release|x86
		{04717AF4-E2D1-4C25-84B4-A1466788911C}.Release|Win32.Build.0 = Release|x86
		{04717AF4-E2D1-4C25-84B4-A1466788911C}.Release|Win32.Deploy.0 = Release|x86
		{04717AF4-E2D1-4C25-84B4-A1466788911C}.Release|x64.ActiveCfg = Release|Any CPU
		{04717AF4-E2D1-4C25-84B4-A1466788911C}.Release|x86.ActiveCfg = Release|x86
		{04717AF4-E2D1-4C25-84B4-A1466788911C}.Release|x86.Build.0 = Release|x86
		{04717AF4-E2D1-4C25-84B4-A1466788911C}.Release|x86.Deploy.0 = Release|x86
		{2EE2821B-1323-4AFB-87CF-3109329C8239}.Debug|Any CPU.ActiveCfg = Debug|Win32
		{2EE2821B-1323-4AFB-87CF-3109329C8239}.Debug|ARM.ActiveCfg = Debug|ARM
		{2EE2821B-1323-4AFB-87CF-3109329C8239}.Debug|ARM.Build.0 = Debug|ARM
		{2EE2821B-1323-4AFB-87CF-3109329C8239}.Debug|Mixed Platforms.ActiveCfg = Debug|Win32
		{2EE2821B-1323-4AFB-87CF-3109329C8239}.Debug|Mixed Platforms.Build.0 = Debug|Win32
		{2EE2821B-1323-4AFB-87CF-3109329C8239}.Debug|Win32.ActiveCfg = Debug|Win32
		{2EE2821B-1323-4AFB-87CF-3109329C8239}.Debug|Win32.Build.0 = Debug|Win32
		{2EE2821B-1323-4AFB-87CF-3109329C8239}.Debug|x64.ActiveCfg = Debug|Win32
		{2EE2821B-1323-4AFB-87CF-3109329C8239}.Debug|x86.ActiveCfg = Debug|Win32
		{2EE2821B-1323-4AFB-87CF-3109329C8239}.Debug|x86.Build.0 = Debug|Win32
		{2EE2821B-1323-4AFB-87CF-3109329C8239}.Release|Any CPU.ActiveCfg = Release|Win32
		{2EE2821B-1323-4AFB-87CF-3109329C8239}.Release|ARM.ActiveCfg = Release|ARM
		{2EE2821B-1323-4AFB-87CF-3109329C8239}.Release|ARM.Build.0 = Release|ARM
		{2EE2821B-1323-4AFB-87CF-3109329C8239}.Release|Mixed Platforms.ActiveCfg = Release|Win32
		{2EE2821B-1323-4AFB-87CF-3109329C8239}.Release|Mixed Platforms.Build.0 = Release|Win32
		{2EE2821B-1323-4AFB-87CF-3109329C8239}.Release|Win32.ActiveCfg = Release|Win32
		{2EE2821B-1323-4AFB-87CF-3109329C8239}.Release|Win32.Build.0 = Release|Win32
		{2EE2821B-1323-4AFB-87CF-3109329C8239}.Release|x64.ActiveCfg = Release|Win32
		{2EE2821B-1323-4AFB-87CF-3109329C8239}.Release|x86.ActiveCfg = Release|Win32
		{2EE2821B-1323-4AFB-87CF-3109329C8239}.Release|x86.Build.0 = Release|Win32
		{162B66FC-C29F-4C4F-9394-7ECA7EB1CEDE}.Debug|Any CPU.ActiveCfg = Debug|Win32
		{162B66FC-C29F-4C4F-9394-7ECA7EB1CEDE}.Debug|ARM.ActiveCfg = Debug|ARM
		{162B66FC-C29F-4C4F-9394-7ECA7EB1CEDE}.Debug|ARM.Build.0 = Debug|ARM
		{162B66FC-C29F-4C4F-9394-7ECA7EB1CEDE}.Debug|Mixed Platforms.ActiveCfg = Debug|Win32
		{162B66FC-C29F-4C4F-9394-7ECA7EB1CEDE}.Debug|Mixed Platforms.Build.0 = Debug|Win32
		{162B66FC-C29F-4C4F-9394-7ECA7EB1CEDE}.Debug|Win32.ActiveCfg = Debug|Win32
		{162B66FC-C29F-4C4F-9394-7ECA7EB1CEDE}.Debug|Win32.Build.0 = Debug|Win32
		{162B66FC-C29F-4C4F-9394-7ECA7EB1CEDE}.Debug|x64.ActiveCfg = Debug|Win32
		{162B66FC-C29F-4C4F-9394-7ECA7EB1CEDE}.Debug|x86.ActiveCfg = Debug|Win32
		{162B66FC-C29F-4C4F-9394-7ECA7EB1CEDE}.Debug|x86.Build.0 = Debug|Win32
		{162B66FC-C29F-4C4F-9394-7ECA7EB1CEDE}.Release|Any CPU.ActiveCfg = Release|Win32
		{162B66FC-C29F-4C4F-9394-7ECA7EB1CEDE}.Release|ARM.ActiveCfg = Release|ARM
		{162B66FC-C29F-4C4F-9394-7ECA7EB1CEDE}.Release|ARM.Build.0 = Release|ARM
		{162B66FC-C29F-4C4F-9394-7ECA7EB1CEDE}.Release|Mixed Platforms.ActiveCfg = Release|Win32
		{162B66FC-C29F-4C4F-9394-7ECA7EB1CEDE}.Release|Mixed Platforms.Build.0 = Release|Win32
		{162B66FC-C29F-4C4F-9394-7ECA7EB1CEDE}.Release|Win32.ActiveCfg = Release|Win32
		{162B66FC-C29F-4C4F-9394-7ECA7EB1CEDE}.Release|Win32.Build.0 = Release|Win32
		{162B66FC-C29F-4C4F-9394-7ECA7EB1CEDE}.Release|x64.ActiveCfg = Release|Win32
		{162B66FC-C29F-4C4F-9394-7ECA7EB1CEDE}.Release|x86.ActiveCfg = Release|Win32
		{162B66FC-C29F-4C4F-9394-7ECA7EB1CEDE}.Release|x86.Build.0 = Release|Win32
		{48E75863-CE68-4BA9-B778-9FFCFA094D1E}.Debug|Any CPU.ActiveCfg = Debug|Win32
		{48E75863-CE68-4BA9-B778-9FFCFA094D1E}.Debug|ARM.ActiveCfg = Debug|ARM
		{48E75863-CE68-4BA9-B778-9FFCFA094D1E}.Debug|ARM.Build.0 = Debug|ARM
		{48E75863-CE68-4BA9-B778-9FFCFA094D1E}.Debug|Mixed Platforms.ActiveCfg = Debug|Win32
		{48E75863-CE68-4BA9-B778-9FFCFA094D1E}.Debug|Mixed Platforms.Build.0 = Debug|Win32
		{48E75863-CE68-4BA9-B778-9FFCFA094D1E}.Debug|Win32.ActiveCfg = Debug|Win32
		{48E75863-CE68-4BA9-B778-9FFCFA094D1E}.Debug|Win32.Build.0 = Debug|Win32
		{48E75863-CE68-4BA9-B778-9FFCFA094D1E}.Debug|x64.ActiveCfg = Debug|Win32
		{48E75863-CE68-4BA9-B778-9FFCFA094D1E}.Debug|x86.ActiveCfg = Debug|Win32
		{48E75863-CE68-4BA9-B778-9FFCFA094D1E}.Debug|x86.Build.0 = Debug|Win32
		{48E75863-CE68-4BA9-B778-9FFCFA094D1E}.Release|Any CPU.ActiveCfg = Release|Win32
		{48E75863-CE68-4BA9-B778-9FFCFA094D1E}.Release|ARM.ActiveCfg = Release|ARM
		{48E75863-CE68-4BA9-B778-9FFCFA094D1E}.Release|ARM.Build.0 = Release|ARM
		{48E75863-CE68-4BA9-B778-9FFCFA094D1E}.Release|Mixed Platforms.ActiveCfg = Release|Win32
		{48E75863-CE68-4BA9-B778-9FFCFA094D1E}.Release|Mixed Platforms.Build.0 = Release|Win32
		{48E75863-CE68-4BA9-B778-9FFCFA094D1E}.Release|Win32.ActiveCfg = Release|Win32
		{48E75863-CE68-4BA9-B778-9FFCFA094D1E}.Release|Win32.Build.0 = Release|Win32
		{48E75863-CE68-4BA9-B778-9FFCFA094D1E}.Release|x64.ActiveCfg = Release|Win32
		{48E75863-CE68-4BA9-B778-9FFCFA094D1E}.Release|x86.ActiveCfg = Release|Win32
		{48E75863-CE68-4BA9-B778-9FFCFA094D1E}.Release|x86.Build.0 = Release|Win32
		{015E3DFE-EB56-429F-95EF-BAB5D41B23BE}.Debug|Any CPU.ActiveCfg = Debug|Any CPU
		{015E3DFE-EB56-429F-95EF-BAB5D41B23BE}.Debug|Any CPU.Build.0 = Debug|Any CPU
		{015E3DFE-EB56-429F-95EF-BAB5D41B23BE}.Debug|ARM.ActiveCfg = Debug|ARM
		{015E3DFE-EB56-429F-95EF-BAB5D41B23BE}.Debug|ARM.Build.0 = Debug|ARM
		{015E3DFE-EB56-429F-95EF-BAB5D41B23BE}.Debug|Mixed Platforms.ActiveCfg = Debug|x86
		{015E3DFE-EB56-429F-95EF-BAB5D41B23BE}.Debug|Mixed Platforms.Build.0 = Debug|x86
		{015E3DFE-EB56-429F-95EF-BAB5D41B23BE}.Debug|Win32.ActiveCfg = Debug|x86
		{015E3DFE-EB56-429F-95EF-BAB5D41B23BE}.Debug|Win32.Build.0 = Debug|x86
		{015E3DFE-EB56-429F-95EF-BAB5D41B23BE}.Debug|x64.ActiveCfg = Debug|Any CPU
		{015E3DFE-EB56-429F-95EF-BAB5D41B23BE}.Debug|x86.ActiveCfg = Debug|x86
		{015E3DFE-EB56-429F-95EF-BAB5D41B23BE}.Debug|x86.Build.0 = Debug|x86
		{015E3DFE-EB56-429F-95EF-BAB5D41B23BE}.Release|Any CPU.ActiveCfg = Release|Any CPU
		{015E3DFE-EB56-429F-95EF-BAB5D41B23BE}.Release|Any CPU.Build.0 = Release|Any CPU
		{015E3DFE-EB56-429F-95EF-BAB5D41B23BE}.Release|ARM.ActiveCfg = Release|ARM
		{015E3DFE-EB56-429F-95EF-BAB5D41B23BE}.Release|ARM.Build.0 = Release|ARM
		{015E3DFE-EB56-429F-95EF-BAB5D41B23BE}.Release|Mixed Platforms.ActiveCfg = Release|x86
		{015E3DFE-EB56-429F-95EF-BAB5D41B23BE}.Release|Mixed Platforms.Build.0 = Release|x86
		{015E3DFE-EB56-429F-95EF-BAB5D41B23BE}.Release|Win32.ActiveCfg = Release|x86
		{015E3DFE-EB56-429F-95EF-BAB5D41B23BE}.Release|Win32.Build.0 = Release|x86
		{015E3DFE-EB56-429F-95EF-BAB5D41B23BE}.Release|x64.ActiveCfg = Release|Any CPU
		{015E3DFE-EB56-429F-95EF-BAB5D41B23BE}.Release|x86.ActiveCfg = Release|x86
		{015E3DFE-EB56-429F-95EF-BAB5D41B23BE}.Release|x86.Build.0 = Release|x86
	EndGlobalSection
	GlobalSection(SolutionProperties) = preSolution
		HideSolutionNode = FALSE
	EndGlobalSection
	GlobalSection(NestedProjects) = preSolution
		{3B3F8248-8FFD-454B-AAC7-9A54700C3832} = {2C306303-EB4F-4058-8CA0-1F28A4FECE39}
		{04717AF4-E2D1-4C25-84B4-A1466788911C} = {2C306303-EB4F-4058-8CA0-1F28A4FECE39}
	EndGlobalSection
EndGlobal
